
Microsoft Visual Studio Solution File, Format Version 12.00
# Visual Studio 15
VisualStudioVersion = 15.0.28307.1340
MinimumVisualStudioVersion = 10.0.40219.1
Project("{FAE04EC0-301F-11D3-BF4B-00C04F79EFBC}") = "DeleteUnusedDocAcumatica", "DeleteUnusedDocAcumatica\DeleteUnusedDocAcumatica.csproj", "{670B268C-1CEE-4973-B5CA-2F5EA70DAFD5}"
EndProject
Global
	GlobalSection(SolutionConfigurationPlatforms) = preSolution
		Debug|Any CPU = Debug|Any CPU
		Release|Any CPU = Release|Any CPU
	EndGlobalSection
	GlobalSection(ProjectConfigurationPlatforms) = postSolution
		{670B268C-1CEE-4973-B5CA-2F5EA70DAFD5}.Debug|Any CPU.ActiveCfg = Debug|Any CPU
		{670B268C-1CEE-4973-B5CA-2F5EA70DAFD5}.Debug|Any CPU.Build.0 = Debug|Any CPU
		{670B268C-1CEE-4973-B5CA-2F5EA70DAFD5}.Release|Any CPU.ActiveCfg = Release|Any CPU
		{670B268C-1CEE-4973-B5CA-2F5EA70DAFD5}.Release|Any CPU.Build.0 = Release|Any CPU
	EndGlobalSection
	GlobalSection(SolutionProperties) = preSolution
		HideSolutionNode = FALSE
	EndGlobalSection
	GlobalSection(ExtensibilityGlobals) = postSolution
		SolutionGuid = {08E18D10-5EBE-4DD7-82CB-61E3231919A2}
	EndGlobalSection
EndGlobal
